
Microsoft Visual Studio Solution File, Format Version 12.00
# Visual Studio Version 16
VisualStudioVersion = 16.0.30711.63
MinimumVisualStudioVersion = 10.0.40219.1
Project("{FAE04EC0-301F-11D3-BF4B-00C04F79EFBC}") = "AdobeSign.UserManagement.Core", "AdobeSign.UserManagement.Core\AdobeSign.UserManagement.Core.csproj", "{983F94D2-930D-4743-A549-DF5A851D7EE7}"
EndProject
Global
	GlobalSection(SolutionConfigurationPlatforms) = preSolution
		Debug|Any CPU = Debug|Any CPU
		Release|Any CPU = Release|Any CPU
	EndGlobalSection
	GlobalSection(ProjectConfigurationPlatforms) = postSolution
		{983F94D2-930D-4743-A549-DF5A851D7EE7}.Debug|Any CPU.ActiveCfg = Debug|Any CPU
		{983F94D2-930D-4743-A549-DF5A851D7EE7}.Debug|Any CPU.Build.0 = Debug|Any CPU
		{983F94D2-930D-4743-A549-DF5A851D7EE7}.Release|Any CPU.ActiveCfg = Release|Any CPU
		{983F94D2-930D-4743-A549-DF5A851D7EE7}.Release|Any CPU.Build.0 = Release|Any CPU
	EndGlobalSection
	GlobalSection(SolutionProperties) = preSolution
		HideSolutionNode = FALSE
	EndGlobalSection
	GlobalSection(ExtensibilityGlobals) = postSolution
		SolutionGuid = {BCDEB608-D7A0-45A3-9D7B-8875A06A620B}
	EndGlobalSection
EndGlobal
